// !$*UTF8*$!
{
	archiveVersion = 1;
	classes = {
	};
	objectVersion = 46;
	objects = {

/* Begin PBXBuildFile section */
		654FD9921E04FE1700AB49E0 /* main.cpp in Sources */ = {isa = PBXBuildFile; fileRef = 654FD9911E04FE1700AB49E0 /* main.cpp */; };
		654FD99C1E05090B00AB49E0 /* ReviewCalculator.cpp in Sources */ = {isa = PBXBuildFile; fileRef = 654FD99A1E05090B00AB49E0 /* ReviewCalculator.cpp */; };
/* End PBXBuildFile section */

/* Begin PBXCopyFilesBuildPhase section */
		654FD98C1E04FE1700AB49E0 /* CopyFiles */ = {
			isa = PBXCopyFilesBuildPhase;
			buildActionMask = 2147483647;
			dstPath = /usr/share/man/man1/;
			dstSubfolderSpec = 0;
			files = (
			);
			runOnlyForDeploymentPostprocessing = 1;
		};
/* End PBXCopyFilesBuildPhase section */

/* Begin PBXFileReference section */
		654FD98E1E04FE1700AB49E0 /* sentiment1 */ = {isa = PBXFileReference; explicitFileType = "compiled.mach-o.executable"; includeInIndex = 0; path = sentiment1; sourceTree = BUILT_PRODUCTS_DIR; };
		654FD9911E04FE1700AB49E0 /* main.cpp */ = {isa = PBXFileReference; lastKnownFileType = sourcecode.cpp.cpp; path = main.cpp; sourceTree = "<group>"; };
		654FD9991E04FF6200AB49E0 /* movieReviews.txt */ = {isa = PBXFileReference; lastKnownFileType = text; path = movieReviews.txt; sourceTree = "<group>"; };
		654FD99A1E05090B00AB49E0 /* ReviewCalculator.cpp */ = {isa = PBXFileReference; fileEncoding = 4; lastKnownFileType = sourcecode.cpp.cpp; path = ReviewCalculator.cpp; sourceTree = "<group>"; };
		654FD99B1E05090B00AB49E0 /* ReviewCalculator.h */ = {isa = PBXFileReference; fileEncoding = 4; lastKnownFileType = sourcecode.c.h; path = ReviewCalculator.h; sourceTree = "<group>"; };
/* End PBXFileReference section */

/* Begin PBXFrameworksBuildPhase section */
		654FD98B1E04FE1700AB49E0 /* Frameworks */ = {
			isa = PBXFrameworksBuildPhase;
			buildActionMask = 2147483647;
			files = (
			);
			runOnlyForDeploymentPostprocessing = 0;
		};
/* End PBXFrameworksBuildPhase section */

/* Begin PBXGroup section */
		654FD9851E04FE1700AB49E0 = {
			isa = PBXGroup;
			children = (
				654FD9901E04FE1700AB49E0 /* sentiment1 */,
				654FD98F1E04FE1700AB49E0 /* Products */,
			);
			sourceTree = "<group>";
		};
		654FD98F1E04FE1700AB49E0 /* Products */ = {
			isa = PBXGroup;
			children = (
				654FD98E1E04FE1700AB49E0 /* sentiment1 */,
			);
			name = Products;
			sourceTree = "<group>";
		};
		654FD9901E04FE1700AB49E0 /* sentiment1 */ = {
			isa = PBXGroup;
			children = (
				654FD9991E04FF6200AB49E0 /* movieReviews.txt */,
				654FD9911E04FE1700AB49E0 /* main.cpp */,
				654FD99A1E05090B00AB49E0 /* ReviewCalculator.cpp */,
				654FD99B1E05090B00AB49E0 /* ReviewCalculator.h */,
			);
			path = sentiment1;
			sourceTree = "<group>";
		};
/* End PBXGroup section */

/* Begin PBXNativeTarget section */
		654FD98D1E04FE1700AB49E0 /* sentiment1 */ = {
			isa = PBXNativeTarget;
			buildConfigurationList = 654FD9951E04FE1700AB49E0 /* Build configuration list for PBXNativeTarget "sentiment1" */;
			buildPhases = (
				654FD98A1E04FE1700AB49E0 /* Sources */,
				654FD98B1E04FE1700AB49E0 /* Frameworks */,
				654FD98C1E04FE1700AB49E0 /* CopyFiles */,
			);
			buildRules = (
			);
			dependencies = (
			);
			name = sentiment1;
			productName = sentiment1;
			productReference = 654FD98E1E04FE1700AB49E0 /* sentiment1 */;
			productType = "com.apple.product-type.tool";
		};
/* End PBXNativeTarget section */

/* Begin PBXProject section */
		654FD9861E04FE1700AB49E0 /* Project object */ = {
			isa = PBXProject;
			attributes = {
				LastUpgradeCheck = 0640;
				ORGANIZATIONNAME = "Minsu Kim";
				TargetAttributes = {
					654FD98D1E04FE1700AB49E0 = {
						CreatedOnToolsVersion = 6.4;
					};
				};
			};
			buildConfigurationList = 654FD9891E04FE1700AB49E0 /* Build configuration list for PBXProject "sentiment1" */;
			compatibilityVersion = "Xcode 3.2";
			developmentRegion = English;
			hasScannedForEncodings = 0;
			knownRegions = (
				en,
			);
			mainGroup = 654FD9851E04FE1700AB49E0;
			productRefGroup = 654FD98F1E04FE1700AB49E0 /* Products */;
			projectDirPath = "";
			projectRoot = "";
			targets = (
				654FD98D1E04FE1700AB49E0 /* sentiment1 */,
			);
		};
/* End PBXProject section */

/* Begin PBXSourcesBuildPhase section */
		654FD98A1E04FE1700AB49E0 /* Sources */ = {
			isa = PBXSourcesBuildPhase;
			buildActionMask = 2147483647;
			files = (
				654FD9921E04FE1700AB49E0 /* main.cpp in Sources */,
				654FD99C1E05090B00AB49E0 /* ReviewCalculator.cpp in Sources */,
			);
			runOnlyForDeploymentPostprocessing = 0;
		};
/* End PBXSourcesBuildPhase section */

/* Begin XCBuildConfiguration section */
		654FD9931E04FE1700AB49E0 /* Debug */ = {
			isa = XCBuildConfiguration;
			buildSettings = {
				ALWAYS_SEARCH_USER_PATHS = NO;
				CLANG_CXX_LANGUAGE_STANDARD = "gnu++0x";
				CLANG_CXX_LIBRARY = "libc++";
				CLANG_ENABLE_MODULES = YES;
				CLANG_ENABLE_OBJC_ARC = YES;
				CLANG_WARN_BOOL_CONVERSION = YES;
				CLANG_WARN_CONSTANT_CONVERSION = YES;
				CLANG_WARN_DIRECT_OBJC_ISA_USAGE = YES_ERROR;
				CLANG_WARN_EMPTY_BODY = YES;
				CLANG_WARN_ENUM_CONVERSION = YES;
				CLANG_WARN_INT_CONVERSION = YES;
				CLANG_WARN_OBJC_ROOT_CLASS = YES_ERROR;
				CLANG_WARN_UNREACHABLE_CODE = YES;
				CLANG_WARN__DUPLICATE_METHOD_MATCH = YES;
				COPY_PHASE_STRIP = NO;
				DEBUG_INFORMATION_FORMAT = dwarf;
				ENABLE_STRICT_OBJC_MSGSEND = YES;
				GCC_C_LANGUAGE_STANDARD = gnu99;
				GCC_DYNAMIC_NO_PIC = NO;
				GCC_NO_COMMON_BLOCKS = YES;
				GCC_OPTIMIZATION_LEVEL = 0;
				GCC_PREPROCESSOR_DEFINITIONS = (
					"DEBUG=1",
					"$(inherited)",
				);
				GCC_SYMBOLS_PRIVATE_EXTERN = NO;
				GCC_WARN_64_TO_32_BIT_CONVERSION = YES;
				GCC_WARN_ABOUT_RETURN_TYPE = YES_ERROR;
				GCC_WARN_UNDECLARED_SELECTOR = YES;
				GCC_WARN_UNINITIALIZED_AUTOS = YES_AGGRESSIVE;
				GCC_WARN_UNUSED_FUNCTION = YES;
				GCC_WARN_UNUSED_VARIABLE = YES;
				MACOSX_DEPLOYMENT_TARGET = 10.10;
				MTL_ENABLE_DEBUG_INFO = YES;
				ONLY_ACTIVE_ARCH = YES;
				SDKROOT = macosx;
			};
			name = Debug;
		};
		654FD9941E04FE1700AB49E0 /* Release */ = {
			isa = XCBuildConfiguration;
			buildSettings = {
				ALWAYS_SEARCH_USER_PATHS = NO;
				CLANG_CXX_LANGUAGE_STANDARD = "gnu++0x";
				CLANG_CXX_LIBRARY = "libc++";
				CLANG_ENABLE_MODULES = YES;
				CLANG_ENABLE_OBJC_ARC = YES;
				CLANG_WARN_BOOL_CONVERSION = YES;
				CLANG_WARN_CONSTANT_CONVERSION = YES;
				CLANG_WARN_DIRECT_OBJC_ISA_USAGE = YES_ERROR;
				CLANG_WARN_EMPTY_BODY = YES;
				CLANG_WARN_ENUM_CONVERSION = YES;
				CLANG_WARN_INT_CONVERSION = YES;
				CLANG_WARN_OBJC_ROOT_CLASS = YES_ERROR;
				CLANG_WARN_UNREACHABLE_CODE = YES;
				CLANG_WARN__DUPLICATE_METHOD_MATCH = YES;
				COPY_PHASE_STRIP = NO;
				DEBUG_INFORMATION_FORMAT = "dwarf-with-dsym";
				ENABLE_NS_ASSERTIONS = NO;
				ENABLE_STRICT_OBJC_MSGSEND = YES;
				GCC_C_LANGUAGE_STANDARD = gnu99;
				GCC_NO_COMMON_BLOCKS = YES;
				GCC_WARN_64_TO_32_BIT_CONVERSION = YES;
				GCC_WARN_ABOUT_RETURN_TYPE = YES_ERROR;
				GCC_WARN_UNDECLARED_SELECTOR = YES;
				GCC_WARN_UNINITIALIZED_AUTOS = YES_AGGRESSIVE;
				GCC_WARN_UNUSED_FUNCTION = YES;
				GCC_WARN_UNUSED_VARIABLE = YES;
				MACOSX_DEPLOYMENT_TARGET = 10.10;
				MTL_ENABLE_DEBUG_INFO = NO;
				SDKROOT = macosx;
			};
			name = Release;
		};
		654FD9961E04FE1700AB49E0 /* Debug */ = {
			isa = XCBuildConfiguration;
			buildSettings = {
				PRODUCT_NAME = "$(TARGET_NAME)";
			};
			name = Debug;
		};
		654FD9971E04FE1700AB49E0 /* Release */ = {
			isa = XCBuildConfiguration;
			buildSettings = {
				PRODUCT_NAME = "$(TARGET_NAME)";
			};
			name = Release;
		};
/* End XCBuildConfiguration section */

/* Begin XCConfigurationList section */
		654FD9891E04FE1700AB49E0 /* Build configuration list for PBXProject "sentiment1" */ = {
			isa = XCConfigurationList;
			buildConfigurations = (
				654FD9931E04FE1700AB49E0 /* Debug */,
				654FD9941E04FE1700AB49E0 /* Release */,
			);
			defaultConfigurationIsVisible = 0;
			defaultConfigurationName = Release;
		};
		654FD9951E04FE1700AB49E0 /* Build configuration list for PBXNativeTarget "sentiment1" */ = {
			isa = XCConfigurationList;
			buildConfigurations = (
				654FD9961E04FE1700AB49E0 /* Debug */,
				654FD9971E04FE1700AB49E0 /* Release */,
			);
			defaultConfigurationIsVisible = 0;
		};
/* End XCConfigurationList section */
	};
	rootObject = 654FD9861E04FE1700AB49E0 /* Project object */;
}
